PODS:
  - AccountKit (5.4.0)
  - Alamofire (4.8.2)
  - AlamofireImage (3.5.2):
    - Alamofire (~> 4.8)
  - AppCenter (3.3.1):
    - AppCenter/Analytics (= 3.3.1)
    - AppCenter/Crashes (= 3.3.1)
  - AppCenter/Analytics (3.3.1):
    - AppCenter/Core
  - AppCenter/Core (3.3.1)
  - AppCenter/Crashes (3.3.1):
    - AppCenter/Core
  - BiometricAuthentication (2.2.1)
  - CountryList (1.1)
  - DropDown (2.3.13)
  - ImageSlideshow (1.8.3):
    - ImageSlideshow/Core (= 1.8.3)
  - ImageSlideshow/Alamofire (1.8.3):
    - AlamofireImage (~> 3.0)
    - ImageSlideshow/Core
  - ImageSlideshow/Core (1.8.3)
  - iOSDropDown (0.3.4)
  - iOSPhotoEditor (0.6)
  - IQKeyboardManager (6.4.0)
  - JSQMessagesViewController (7.3.5):
    - JSQSystemSoundPlayer (~> 2.0.1)
  - JSQSystemSoundPlayer (2.0.1)
  - MMPlayerView (5.4.0)
  - PryntTrimmerView (3.0.0)
  - SDWebImage (5.0.6):
    - SDWebImage/Core (= 5.0.6)
  - SDWebImage/Core (5.0.6)
  - SteviaLayout (4.4.4)
  - SVProgressHUD (2.2.5)
  - Toast-Swift (5.0.0)
  - YPImagePicker (4.0.0):
    - PryntTrimmerView (~> 3.0.0)
    - SteviaLayout (~> 4.4.1)

DEPENDENCIES:
  - AccountKit
  - Alamofire
  - AppCenter
  - BiometricAuthentication (~> 2.2)
  - CountryList
  - DropDown (~> 2.3.4)
  - ImageSlideshow (~> 1.8.1)
  - ImageSlideshow/Alamofire
  - iOSDropDown
  - iOSPhotoEditor
  - IQKeyboardManager
  - JSQMessagesViewController
  - MMPlayerView
  - SDWebImage
  - SVProgressHUD
  - Toast-Swift (~> 5.0.0)
  - YPImagePicker

SPEC REPOS:
  trunk:
    - AccountKit
    - Alamofire
    - AlamofireImage
    - AppCenter
    - BiometricAuthentication
    - CountryList
    - DropDown
    - ImageSlideshow
    - iOSDropDown
    - iOSPhotoEditor
    - IQKeyboardManager
    - JSQMessagesViewController
    - JSQSystemSoundPlayer
    - MMPlayerView
    - PryntTrimmerView
    - SDWebImage
    - SteviaLayout
    - SVProgressHUD
    - Toast-Swift
    - YPImagePicker

SPEC CHECKSUMS:
  AccountKit: ab476b54fd1255bc24ca96060692af0e1019e777
  Alamofire: ae5c501addb7afdbb13687d7f2f722c78734c2d3
  AlamofireImage: 63cfe3baf1370be6c498149687cf6db3e3b00999
  AppCenter: 76ecf7e959a68e36b0fd314e8dc5897660214423
  BiometricAuthentication: 5e3dc3804fb5c6bd69ae558e567e527d7e043a38
  CountryList: ad58cd670c4ecab6bb014abebc12e63f619174b2
  DropDown: 8a2116376c1981888557f72ec2ffc9a5e0e456ec
  ImageSlideshow: 4694d7d699a1549582e7cc631fb392d8f91630f3
  iOSDropDown: c10a761f9a00c3f1cc9d3bce43ae504628e2f692
  iOSPhotoEditor: d597c2797033bb06e2a705560ae748136c8ac2ea
  IQKeyboardManager: fcef267266379c003181fc3592f6bdb8bf4db839
  JSQMessagesViewController: 6587f56aedbcb150a8ba1d968e1ef58b1bc758b7
  JSQSystemSoundPlayer: c5850e77a4363ffd374cd851154b9af93264ed8d
  MMPlayerView: 2879e6439f0060d078c99898f39a87ff8bae6ca4
  PryntTrimmerView: 53ac64053c7ce63cb3e27f54090f52da0734891d
  SDWebImage: 920f1a2ff1ca8296ad34f6e0510a1ef1d70ac965
  SteviaLayout: 523469269059f2c6da02820bb2ff28a5fe0780aa
  SVProgressHUD: 1428aafac632c1f86f62aa4243ec12008d7a51d6
  Toast-Swift: 36f4720243c8582c2be243a60a51e193c761f541
  YPImagePicker: 8039f89ad79281545fa868486f32d9bf5d65ede1

PODFILE CHECKSUM: ac1b34015826e631dcc410790b186c2f88262a53

COCOAPODS: 1.9.3
